PODS:
  - MD5Digest (1.1.0)
  - OpenUDID (1.0.0)
  - XAbstractionLibrary-Base (0.0.25):
    - MD5Digest
    - OpenUDID

DEPENDENCIES:
  - XAbstractionLibrary-Base (from `../`)

SPEC REPOS:
  trunk:
    - MD5Digest
    - OpenUDID

EXTERNAL SOURCES:
  XAbstractionLibrary-Base:
    :path: "../"

SPEC CHECKSUMS:
  MD5Digest: fea371215507cfcdc3c9633d02cffc7fd075ebc3
  OpenUDID: e7cb6984c7304906ad20f3a36bf087b025896b6b
  XAbstractionLibrary-Base: ad943bde85656dce1c74211ff63e29051d83698f

PODFILE CHECKSUM: c33cdc2520496cf1e786dbe3a91440810222800d

COCOAPODS: 1.9.1
